
Microsoft Visual Studio Solution File, Format Version 12.00
# Visual Studio Version 16
VisualStudioVersion = 16.0.31205.134
MinimumVisualStudioVersion = 10.0.40219.1
Project("{FAE04EC0-301F-11D3-BF4B-00C04F79EFBC}") = "FileLogger", "FileLogger.csproj", "{57C8EEFA-092A-440F-8D84-D66F962C266A}"
EndProject
Project("{FAE04EC0-301F-11D3-BF4B-00C04F79EFBC}") = "FileLogger.Tests", "..\FileLogger.Tests\FileLogger.Tests.csproj", "{5D503B41-C311-4C85-BDA1-B2B35F0A2DDD}"
EndProject
Global
	GlobalSection(SolutionConfigurationPlatforms) = preSolution
		Debug|Any CPU = Debug|Any CPU
		Release|Any CPU = Release|Any CPU
	EndGlobalSection
	GlobalSection(ProjectConfigurationPlatforms) = postSolution
		{57C8EEFA-092A-440F-8D84-D66F962C266A}.Debug|Any CPU.ActiveCfg = Debug|Any CPU
		{57C8EEFA-092A-440F-8D84-D66F962C266A}.Debug|Any CPU.Build.0 = Debug|Any CPU
		{57C8EEFA-092A-440F-8D84-D66F962C266A}.Release|Any CPU.ActiveCfg = Release|Any CPU
		{57C8EEFA-092A-440F-8D84-D66F962C266A}.Release|Any CPU.Build.0 = Release|Any CPU
		{5D503B41-C311-4C85-BDA1-B2B35F0A2DDD}.Debug|Any CPU.ActiveCfg = Debug|Any CPU
		{5D503B41-C311-4C85-BDA1-B2B35F0A2DDD}.Debug|Any CPU.Build.0 = Debug|Any CPU
		{5D503B41-C311-4C85-BDA1-B2B35F0A2DDD}.Release|Any CPU.ActiveCfg = Release|Any CPU
		{5D503B41-C311-4C85-BDA1-B2B35F0A2DDD}.Release|Any CPU.Build.0 = Release|Any CPU
	EndGlobalSection
	GlobalSection(SolutionProperties) = preSolution
		HideSolutionNode = FALSE
	EndGlobalSection
	GlobalSection(ExtensibilityGlobals) = postSolution
		SolutionGuid = {D4997AF5-1779-41F3-9544-9E4F93CD4902}
	EndGlobalSection
EndGlobal
